// !$*UTF8*$!
{
	archiveVersion = 1;
	classes = {
	};
	objectVersion = 77;
	objects = {

/* Begin PBXBuildFile section */
		925CC8A1E74A6C152511971D /* Pods_test_kinoTests.framework in Frameworks */ = {isa = PBXBuildFile; fileRef = AD46E26BFE4D5986B185AACF /* Pods_test_kinoTests.framework */; };
		B0E0782A614C3C189E2B547C /* Pods_test_kino.framework in Frameworks */ = {isa = PBXBuildFile; fileRef = 7BBCF80A7B32EEC1B79CD5FF /* Pods_test_kino.framework */; };
		DC8024673E82193DA267C1DC /* Pods_test_kino_test_kinoUITests.framework in Frameworks */ = {isa = PBXBuildFile; fileRef = A801F409A81AD851A9494091 /* Pods_test_kino_test_kinoUITests.framework */; };
/* End PBXBuildFile section */

/* Begin PBXContainerItemProxy section */
		64F1A82A2DBC2A40000AB7B6 /* PBXContainerItemProxy */ = {
			isa = PBXContainerItemProxy;
			containerPortal = 64F1A80B2DBC2A3E000AB7B6 /* Project object */;
			proxyType = 1;
			remoteGlobalIDString = 64F1A8122DBC2A3E000AB7B6;
			remoteInfo = test_kino;
		};
		64F1A8342DBC2A40000AB7B6 /* PBXContainerItemProxy */ = {
			isa = PBXContainerItemProxy;
			containerPortal = 64F1A80B2DBC2A3E000AB7B6 /* Project object */;
			proxyType = 1;
			remoteGlobalIDString = 64F1A8122DBC2A3E000AB7B6;
			remoteInfo = test_kino;
		};
/* End PBXContainerItemProxy section */

/* Begin PBXFileReference section */
		02A660FA505AB03EACC46F78 /* Pods-test_kino-test_kinoUITests.release.xcconfig */ = {isa = PBXFileReference; includeInIndex = 1; lastKnownFileType = text.xcconfig; name = "Pods-test_kino-test_kinoUITests.release.xcconfig"; path = "Target Support Files/Pods-test_kino-test_kinoUITests/Pods-test_kino-test_kinoUITests.release.xcconfig"; sourceTree = "<group>"; };
		1EF2B7BDE5EC538DCB0EC50C /* Pods-test_kinoTests.debug.xcconfig */ = {isa = PBXFileReference; includeInIndex = 1; lastKnownFileType = text.xcconfig; name = "Pods-test_kinoTests.debug.xcconfig"; path = "Target Support Files/Pods-test_kinoTests/Pods-test_kinoTests.debug.xcconfig"; sourceTree = "<group>"; };
		3FCCB01C59DD07F2E81CE05D /* Pods-test_kinoTests.release.xcconfig */ = {isa = PBXFileReference; includeInIndex = 1; lastKnownFileType = text.xcconfig; name = "Pods-test_kinoTests.release.xcconfig"; path = "Target Support Files/Pods-test_kinoTests/Pods-test_kinoTests.release.xcconfig"; sourceTree = "<group>"; };
		43681CFECFF7F0C3C64E27F2 /* Pods-test_kino.release.xcconfig */ = {isa = PBXFileReference; includeInIndex = 1; lastKnownFileType = text.xcconfig; name = "Pods-test_kino.release.xcconfig"; path = "Target Support Files/Pods-test_kino/Pods-test_kino.release.xcconfig"; sourceTree = "<group>"; };
		54F7A56706736545089B3A20 /* Pods-test_kino.debug.xcconfig */ = {isa = PBXFileReference; includeInIndex = 1; lastKnownFileType = text.xcconfig; name = "Pods-test_kino.debug.xcconfig"; path = "Target Support Files/Pods-test_kino/Pods-test_kino.debug.xcconfig"; sourceTree = "<group>"; };
		64F1A8132DBC2A3E000AB7B6 /* test_kino.app */ = {isa = PBXFileReference; explicitFileType = wrapper.application; includeInIndex = 0; path = test_kino.app; sourceTree = BUILT_PRODUCTS_DIR; };
		64F1A8292DBC2A40000AB7B6 /* test_kinoTests.xctest */ = {isa = PBXFileReference; explicitFileType = wrapper.cfbundle; includeInIndex = 0; path = test_kinoTests.xctest; sourceTree = BUILT_PRODUCTS_DIR; };
		64F1A8332DBC2A40000AB7B6 /* test_kinoUITests.xctest */ = {isa = PBXFileReference; explicitFileType = wrapper.cfbundle; includeInIndex = 0; path = test_kinoUITests.xctest; sourceTree = BUILT_PRODUCTS_DIR; };
		7BBCF80A7B32EEC1B79CD5FF /* Pods_test_kino.framework */ = {isa = PBXFileReference; explicitFileType = wrapper.framework; includeInIndex = 0; path = Pods_test_kino.framework; sourceTree = BUILT_PRODUCTS_DIR; };
		A801F409A81AD851A9494091 /* Pods_test_kino_test_kinoUITests.framework */ = {isa = PBXFileReference; explicitFileType = wrapper.framework; includeInIndex = 0; path = Pods_test_kino_test_kinoUITests.framework; sourceTree = BUILT_PRODUCTS_DIR; };
		AD46E26BFE4D5986B185AACF /* Pods_test_kinoTests.framework */ = {isa = PBXFileReference; explicitFileType = wrapper.framework; includeInIndex = 0; path = Pods_test_kinoTests.framework; sourceTree = BUILT_PRODUCTS_DIR; };
		F307D22F2E90163BC9623F2E /* Pods-test_kino-test_kinoUITests.debug.xcconfig */ = {isa = PBXFileReference; includeInIndex = 1; lastKnownFileType = text.xcconfig; name = "Pods-test_kino-test_kinoUITests.debug.xcconfig"; path = "Target Support Files/Pods-test_kino-test_kinoUITests/Pods-test_kino-test_kinoUITests.debug.xcconfig"; sourceTree = "<group>"; };
/* End PBXFileReference section */

/* Begin PBXFileSystemSynchronizedBuildFileExceptionSet section */
		64F1A83B2DBC2A40000AB7B6 /* Exceptions for "test_kino" folder in "test_kino" target */ = {
			isa = PBXFileSystemSynchronizedBuildFileExceptionSet;
			membershipExceptions = (
				Resources/Info.plist,
			);
			target = 64F1A8122DBC2A3E000AB7B6 /* test_kino */;
		};
/* End PBXFileSystemSynchronizedBuildFileExceptionSet section */

/* Begin PBXFileSystemSynchronizedRootGroup section */
		64F1A8152DBC2A3E000AB7B6 /* test_kino */ = {
			isa = PBXFileSystemSynchronizedRootGroup;
			exceptions = (
				64F1A83B2DBC2A40000AB7B6 /* Exceptions for "test_kino" folder in "test_kino" target */,
			);
			path = test_kino;
			sourceTree = "<group>";
		};
		64F1A82C2DBC2A40000AB7B6 /* test_kinoTests */ = {
			isa = PBXFileSystemSynchronizedRootGroup;
			path = test_kinoTests;
			sourceTree = "<group>";
		};
		64F1A8362DBC2A40000AB7B6 /* test_kinoUITests */ = {
			isa = PBXFileSystemSynchronizedRootGroup;
			path = test_kinoUITests;
			sourceTree = "<group>";
		};
/* End PBXFileSystemSynchronizedRootGroup section */

/* Begin PBXFrameworksBuildPhase section */
		64F1A8102DBC2A3E000AB7B6 /* Frameworks */ = {
			isa = PBXFrameworksBuildPhase;
			buildActionMask = 2147483647;
			files = (
				B0E0782A614C3C189E2B547C /* Pods_test_kino.framework in Frameworks */,
			);
			runOnlyForDeploymentPostprocessing = 0;
		};
		64F1A8262DBC2A40000AB7B6 /* Frameworks */ = {
			isa = PBXFrameworksBuildPhase;
			buildActionMask = 2147483647;
			files = (
				925CC8A1E74A6C152511971D /* Pods_test_kinoTests.framework in Frameworks */,
			);
			runOnlyForDeploymentPostprocessing = 0;
		};
		64F1A8302DBC2A40000AB7B6 /* Frameworks */ = {
			isa = PBXFrameworksBuildPhase;
			buildActionMask = 2147483647;
			files = (
				DC8024673E82193DA267C1DC /* Pods_test_kino_test_kinoUITests.framework in Frameworks */,
			);
			runOnlyForDeploymentPostprocessing = 0;
		};
/* End PBXFrameworksBuildPhase section */

/* Begin PBXGroup section */
		5E8BCFD85ADE9070912F5151 /* Frameworks */ = {
			isa = PBXGroup;
			children = (
				7BBCF80A7B32EEC1B79CD5FF /* Pods_test_kino.framework */,
				A801F409A81AD851A9494091 /* Pods_test_kino_test_kinoUITests.framework */,
				AD46E26BFE4D5986B185AACF /* Pods_test_kinoTests.framework */,
			);
			name = Frameworks;
			sourceTree = "<group>";
		};
		64F1A80A2DBC2A3E000AB7B6 = {
			isa = PBXGroup;
			children = (
				64F1A8152DBC2A3E000AB7B6 /* test_kino */,
				64F1A82C2DBC2A40000AB7B6 /* test_kinoTests */,
				64F1A8362DBC2A40000AB7B6 /* test_kinoUITests */,
				64F1A8142DBC2A3E000AB7B6 /* Products */,
				907CE4E76C362C2C9507F0E2 /* Pods */,
				5E8BCFD85ADE9070912F5151 /* Frameworks */,
			);
			sourceTree = "<group>";
		};
		64F1A8142DBC2A3E000AB7B6 /* Products */ = {
			isa = PBXGroup;
			children = (
				64F1A8132DBC2A3E000AB7B6 /* test_kino.app */,
				64F1A8292DBC2A40000AB7B6 /* test_kinoTests.xctest */,
				64F1A8332DBC2A40000AB7B6 /* test_kinoUITests.xctest */,
			);
			name = Products;
			sourceTree = "<group>";
		};
		907CE4E76C362C2C9507F0E2 /* Pods */ = {
			isa = PBXGroup;
			children = (
				54F7A56706736545089B3A20 /* Pods-test_kino.debug.xcconfig */,
				43681CFECFF7F0C3C64E27F2 /* Pods-test_kino.release.xcconfig */,
				F307D22F2E90163BC9623F2E /* Pods-test_kino-test_kinoUITests.debug.xcconfig */,
				02A660FA505AB03EACC46F78 /* Pods-test_kino-test_kinoUITests.release.xcconfig */,
				1EF2B7BDE5EC538DCB0EC50C /* Pods-test_kinoTests.debug.xcconfig */,
				3FCCB01C59DD07F2E81CE05D /* Pods-test_kinoTests.release.xcconfig */,
			);
			path = Pods;
			sourceTree = "<group>";
		};
/* End PBXGroup section */

/* Begin PBXNativeTarget section */
		64F1A8122DBC2A3E000AB7B6 /* test_kino */ = {
			isa = PBXNativeTarget;
			buildConfigurationList = 64F1A83C2DBC2A40000AB7B6 /* Build configuration list for PBXNativeTarget "test_kino" */;
			buildPhases = (
				8961C3204A4C4A14242A3055 /* [CP] Check Pods Manifest.lock */,
				64F1A80F2DBC2A3E000AB7B6 /* Sources */,
				64F1A8102DBC2A3E000AB7B6 /* Frameworks */,
				64F1A8112DBC2A3E000AB7B6 /* Resources */,
				1AF58015C932D9F864CA8322 /* [CP] Embed Pods Frameworks */,
			);
			buildRules = (
			);
			dependencies = (
			);
			fileSystemSynchronizedGroups = (
				64F1A8152DBC2A3E000AB7B6 /* test_kino */,
			);
			name = test_kino;
			productName = test_kino;
			productReference = 64F1A8132DBC2A3E000AB7B6 /* test_kino.app */;
			productType = "com.apple.product-type.application";
		};
		64F1A8282DBC2A40000AB7B6 /* test_kinoTests */ = {
			isa = PBXNativeTarget;
			buildConfigurationList = 64F1A8412DBC2A40000AB7B6 /* Build configuration list for PBXNativeTarget "test_kinoTests" */;
			buildPhases = (
				2C44B63AA20A6163E256E85B /* [CP] Check Pods Manifest.lock */,
				64F1A8252DBC2A40000AB7B6 /* Sources */,
				64F1A8262DBC2A40000AB7B6 /* Frameworks */,
				64F1A8272DBC2A40000AB7B6 /* Resources */,
			);
			buildRules = (
			);
			dependencies = (
				64F1A82B2DBC2A40000AB7B6 /* PBXTargetDependency */,
			);
			fileSystemSynchronizedGroups = (
				64F1A82C2DBC2A40000AB7B6 /* test_kinoTests */,
			);
			name = test_kinoTests;
			productName = test_kinoTests;
			productReference = 64F1A8292DBC2A40000AB7B6 /* test_kinoTests.xctest */;
			productType = "com.apple.product-type.bundle.unit-test";
		};
		64F1A8322DBC2A40000AB7B6 /* test_kinoUITests */ = {
			isa = PBXNativeTarget;
			buildConfigurationList = 64F1A8442DBC2A40000AB7B6 /* Build configuration list for PBXNativeTarget "test_kinoUITests" */;
			buildPhases = (
				534631791D9E443093A245D0 /* [CP] Check Pods Manifest.lock */,
				64F1A82F2DBC2A40000AB7B6 /* Sources */,
				64F1A8302DBC2A40000AB7B6 /* Frameworks */,
				64F1A8312DBC2A40000AB7B6 /* Resources */,
				35B38FE4CD2634DE2775BDA8 /* [CP] Embed Pods Frameworks */,
			);
			buildRules = (
			);
			dependencies = (
				64F1A8352DBC2A40000AB7B6 /* PBXTargetDependency */,
			);
			fileSystemSynchronizedGroups = (
				64F1A8362DBC2A40000AB7B6 /* test_kinoUITests */,
			);
			name = test_kinoUITests;
			productName = test_kinoUITests;
			productReference = 64F1A8332DBC2A40000AB7B6 /* test_kinoUITests.xctest */;
			productType = "com.apple.product-type.bundle.ui-testing";
		};
/* End PBXNativeTarget section */

/* Begin PBXProject section */
		64F1A80B2DBC2A3E000AB7B6 /* Project object */ = {
			isa = PBXProject;
			attributes = {
				BuildIndependentTargetsInParallel = 1;
				LastSwiftUpdateCheck = 1620;
				LastUpgradeCheck = 1620;
				TargetAttributes = {
					64F1A8122DBC2A3E000AB7B6 = {
						CreatedOnToolsVersion = 16.2;
					};
					64F1A8282DBC2A40000AB7B6 = {
						CreatedOnToolsVersion = 16.2;
						TestTargetID = 64F1A8122DBC2A3E000AB7B6;
					};
					64F1A8322DBC2A40000AB7B6 = {
						CreatedOnToolsVersion = 16.2;
						TestTargetID = 64F1A8122DBC2A3E000AB7B6;
					};
				};
			};
			buildConfigurationList = 64F1A80E2DBC2A3E000AB7B6 /* Build configuration list for PBXProject "test_kino" */;
			developmentRegion = en;
			hasScannedForEncodings = 0;
			knownRegions = (
				en,
				Base,
			);
			mainGroup = 64F1A80A2DBC2A3E000AB7B6;
			minimizedProjectReferenceProxies = 1;
			preferredProjectObjectVersion = 77;
			productRefGroup = 64F1A8142DBC2A3E000AB7B6 /* Products */;
			projectDirPath = "";
			projectRoot = "";
			targets = (
				64F1A8122DBC2A3E000AB7B6 /* test_kino */,
				64F1A8282DBC2A40000AB7B6 /* test_kinoTests */,
				64F1A8322DBC2A40000AB7B6 /* test_kinoUITests */,
			);
		};
/* End PBXProject section */

/* Begin PBXResourcesBuildPhase section */
		64F1A8112DBC2A3E000AB7B6 /* Resources */ = {
			isa = PBXResourcesBuildPhase;
			buildActionMask = 2147483647;
			files = (
			);
			runOnlyForDeploymentPostprocessing = 0;
		};
		64F1A8272DBC2A40000AB7B6 /* Resources */ = {
			isa = PBXResourcesBuildPhase;
			buildActionMask = 2147483647;
			files = (
			);
			runOnlyForDeploymentPostprocessing = 0;
		};
		64F1A8312DBC2A40000AB7B6 /* Resources */ = {
			isa = PBXResourcesBuildPhase;
			buildActionMask = 2147483647;
			files = (
			);
			runOnlyForDeploymentPostprocessing = 0;
		};
/* End PBXResourcesBuildPhase section */

/* Begin PBXShellScriptBuildPhase section */
		1AF58015C932D9F864CA8322 /* [CP] Embed Pods Frameworks */ = {
			isa = PBXShellScriptBuildPhase;
			buildActionMask = 2147483647;
			files = (
			);
			inputFileListPaths = (
				"${PODS_ROOT}/Target Support Files/Pods-test_kino/Pods-test_kino-frameworks-${CONFIGURATION}-input-files.xcfilelist",
			);
			name = "[CP] Embed Pods Frameworks";
			outputFileListPaths = (
				"${PODS_ROOT}/Target Support Files/Pods-test_kino/Pods-test_kino-frameworks-${CONFIGURATION}-output-files.xcfilelist",
			);
			runOnlyForDeploymentPostprocessing = 0;
			shellPath = /bin/sh;
			shellScript = "\"${PODS_ROOT}/Target Support Files/Pods-test_kino/Pods-test_kino-frameworks.sh\"\n";
			showEnvVarsInLog = 0;
		};
		2C44B63AA20A6163E256E85B /* [CP] Check Pods Manifest.lock */ = {
			isa = PBXShellScriptBuildPhase;
			buildActionMask = 2147483647;
			files = (
			);
			inputFileListPaths = (
			);
			inputPaths = (
				"${PODS_PODFILE_DIR_PATH}/Podfile.lock",
				"${PODS_ROOT}/Manifest.lock",
			);
			name = "[CP] Check Pods Manifest.lock";
			outputFileListPaths = (
			);
			outputPaths = (
				"$(DERIVED_FILE_DIR)/Pods-test_kinoTests-checkManifestLockResult.txt",
			);
			runOnlyForDeploymentPostprocessing = 0;
			shellPath = /bin/sh;
			shellScript = "diff \"${PODS_PODFILE_DIR_PATH}/Podfile.lock\" \"${PODS_ROOT}/Manifest.lock\" > /dev/null\nif [ $? != 0 ] ; then\n    # print error to STDERR\n    echo \"error: The sandbox is not in sync with the Podfile.lock. Run 'pod install' or update your CocoaPods installation.\" >&2\n    exit 1\nfi\n# This output is used by Xcode 'outputs' to avoid re-running this script phase.\necho \"SUCCESS\" > \"${SCRIPT_OUTPUT_FILE_0}\"\n";
			showEnvVarsInLog = 0;
		};
		35B38FE4CD2634DE2775BDA8 /* [CP] Embed Pods Frameworks */ = {
			isa = PBXShellScriptBuildPhase;
			buildActionMask = 2147483647;
			files = (
			);
			inputFileListPaths = (
				"${PODS_ROOT}/Target Support Files/Pods-test_kino-test_kinoUITests/Pods-test_kino-test_kinoUITests-frameworks-${CONFIGURATION}-input-files.xcfilelist",
			);
			name = "[CP] Embed Pods Frameworks";
			outputFileListPaths = (
				"${PODS_ROOT}/Target Support Files/Pods-test_kino-test_kinoUITests/Pods-test_kino-test_kinoUITests-frameworks-${CONFIGURATION}-output-files.xcfilelist",
			);
			runOnlyForDeploymentPostprocessing = 0;
			shellPath = /bin/sh;
			shellScript = "\"${PODS_ROOT}/Target Support Files/Pods-test_kino-test_kinoUITests/Pods-test_kino-test_kinoUITests-frameworks.sh\"\n";
			showEnvVarsInLog = 0;
		};
		534631791D9E443093A245D0 /* [CP] Check Pods Manifest.lock */ = {
			isa = PBXShellScriptBuildPhase;
			buildActionMask = 2147483647;
			files = (
			);
			inputFileListPaths = (
			);
			inputPaths = (
				"${PODS_PODFILE_DIR_PATH}/Podfile.lock",
				"${PODS_ROOT}/Manifest.lock",
			);
			name = "[CP] Check Pods Manifest.lock";
			outputFileListPaths = (
			);
			outputPaths = (
				"$(DERIVED_FILE_DIR)/Pods-test_kino-test_kinoUITests-checkManifestLockResult.txt",
			);
			runOnlyForDeploymentPostprocessing = 0;
			shellPath = /bin/sh;
			shellScript = "diff \"${PODS_PODFILE_DIR_PATH}/Podfile.lock\" \"${PODS_ROOT}/Manifest.lock\" > /dev/null\nif [ $? != 0 ] ; then\n    # print error to STDERR\n    echo \"error: The sandbox is not in sync with the Podfile.lock. Run 'pod install' or update your CocoaPods installation.\" >&2\n    exit 1\nfi\n# This output is used by Xcode 'outputs' to avoid re-running this script phase.\necho \"SUCCESS\" > \"${SCRIPT_OUTPUT_FILE_0}\"\n";
			showEnvVarsInLog = 0;
		};
		8961C3204A4C4A14242A3055 /* [CP] Check Pods Manifest.lock */ = {
			isa = PBXShellScriptBuildPhase;
			buildActionMask = 2147483647;
			files = (
			);
			inputFileListPaths = (
			);
			inputPaths = (
				"${PODS_PODFILE_DIR_PATH}/Podfile.lock",
				"${PODS_ROOT}/Manifest.lock",
			);
			name = "[CP] Check Pods Manifest.lock";
			outputFileListPaths = (
			);
			outputPaths = (
				"$(DERIVED_FILE_DIR)/Pods-test_kino-checkManifestLockResult.txt",
			);
			runOnlyForDeploymentPostprocessing = 0;
			shellPath = /bin/sh;
			shellScript = "diff \"${PODS_PODFILE_DIR_PATH}/Podfile.lock\" \"${PODS_ROOT}/Manifest.lock\" > /dev/null\nif [ $? != 0 ] ; then\n    # print error to STDERR\n    echo \"error: The sandbox is not in sync with the Podfile.lock. Run 'pod install' or update your CocoaPods installation.\" >&2\n    exit 1\nfi\n# This output is used by Xcode 'outputs' to avoid re-running this script phase.\necho \"SUCCESS\" > \"${SCRIPT_OUTPUT_FILE_0}\"\n";
			showEnvVarsInLog = 0;
		};
/* End PBXShellScriptBuildPhase section */

/* Begin PBXSourcesBuildPhase section */
		64F1A80F2DBC2A3E000AB7B6 /* Sources */ = {
			isa = PBXSourcesBuildPhase;
			buildActionMask = 2147483647;
			files = (
			);
			runOnlyForDeploymentPostprocessing = 0;
		};
		64F1A8252DBC2A40000AB7B6 /* Sources */ = {
			isa = PBXSourcesBuildPhase;
			buildActionMask = 2147483647;
			files = (
			);
			runOnlyForDeploymentPostprocessing = 0;
		};
		64F1A82F2DBC2A40000AB7B6 /* Sources */ = {
			isa = PBXSourcesBuildPhase;
			buildActionMask = 2147483647;
			files = (
			);
			runOnlyForDeploymentPostprocessing = 0;
		};
/* End PBXSourcesBuildPhase section */

/* Begin PBXTargetDependency section */
		64F1A82B2DBC2A40000AB7B6 /* PBXTargetDependency */ = {
			isa = PBXTargetDependency;
			target = 64F1A8122DBC2A3E000AB7B6 /* test_kino */;
			targetProxy = 64F1A82A2DBC2A40000AB7B6 /* PBXContainerItemProxy */;
		};
		64F1A8352DBC2A40000AB7B6 /* PBXTargetDependency */ = {
			isa = PBXTargetDependency;
			target = 64F1A8122DBC2A3E000AB7B6 /* test_kino */;
			targetProxy = 64F1A8342DBC2A40000AB7B6 /* PBXContainerItemProxy */;
		};
/* End PBXTargetDependency section */

/* Begin XCBuildConfiguration section */
		64F1A83D2DBC2A40000AB7B6 /* Debug */ = {
			isa = XCBuildConfiguration;
			baseConfigurationReference = 54F7A56706736545089B3A20 /* Pods-test_kino.debug.xcconfig */;
			buildSettings = {
				ASSETCATALOG_COMPILER_APPICON_NAME = AppIcon;
				ASSETCATALOG_COMPILER_GLOBAL_ACCENT_COLOR_NAME = AccentColor;
				CODE_SIGN_STYLE = Automatic;
				CURRENT_PROJECT_VERSION = 1;
				DEVELOPMENT_TEAM = Y7MSY46LM7;
				ENABLE_USER_SCRIPT_SANDBOXING = NO;
				GENERATE_INFOPLIST_FILE = YES;
				INFOPLIST_FILE = test_kino/Resources/Info.plist;
				INFOPLIST_KEY_UIApplicationSupportsIndirectInputEvents = YES;
				INFOPLIST_KEY_UILaunchStoryboardName = LaunchScreen;
				INFOPLIST_KEY_UISupportedInterfaceOrientations_iPad = "UIInterfaceOrientationPortrait UIInterfaceOrientationPortraitUpsideDown UIInterfaceOrientationLandscapeLeft UIInterfaceOrientationLandscapeRight";
				INFOPLIST_KEY_UISupportedInterfaceOrientations_iPhone = "UIInterfaceOrientationPortrait UIInterfaceOrientationLandscapeLeft UIInterfaceOrientationLandscapeRight";
				LD_RUNPATH_SEARCH_PATHS = (
					"$(inherited)",
					"@executable_path/Frameworks",
				);
				MARKETING_VERSION = 1.0;
				PRODUCT_BUNDLE_IDENTIFIER = "ru.akagroup.halalguide.test-kino";
				PRODUCT_NAME = "$(TARGET_NAME)";
				SWIFT_EMIT_LOC_STRINGS = YES;
				SWIFT_VERSION = 5.0;
				TARGETED_DEVICE_FAMILY = "1,2";
			};
			name = Debug;
		};
		64F1A83E2DBC2A40000AB7B6 /* Release */ = {
			isa = XCBuildConfiguration;
			baseConfigurationReference = 43681CFECFF7F0C3C64E27F2 /* Pods-test_kino.release.xcconfig */;
			buildSettings = {
				ASSETCATALOG_COMPILER_APPICON_NAME = AppIcon;
				ASSETCATALOG_COMPILER_GLOBAL_ACCENT_COLOR_NAME = AccentColor;
				CODE_SIGN_STYLE = Automatic;
				CURRENT_PROJECT_VERSION = 1;
				DEVELOPMENT_TEAM = Y7MSY46LM7;
				ENABLE_USER_SCRIPT_SANDBOXING = NO;
				GENERATE_INFOPLIST_FILE = YES;
				INFOPLIST_FILE = test_kino/Resources/Info.plist;
				INFOPLIST_KEY_UIApplicationSupportsIndirectInputEvents = YES;
				INFOPLIST_KEY_UILaunchStoryboardName = LaunchScreen;
				INFOPLIST_KEY_UISupportedInterfaceOrientations_iPad = "UIInterfaceOrientationPortrait UIInterfaceOrientationPortraitUpsideDown UIInterfaceOrientationLandscapeLeft UIInterfaceOrientationLandscapeRight";
				INFOPLIST_KEY_UISupportedInterfaceOrientations_iPhone = "UIInterfaceOrientationPortrait UIInterfaceOrientationLandscapeLeft UIInterfaceOrientationLandscapeRight";
				LD_RUNPATH_SEARCH_PATHS = (
					"$(inherited)",
					"@executable_path/Frameworks",
				);
				MARKETING_VERSION = 1.0;
				PRODUCT_BUNDLE_IDENTIFIER = "ru.akagroup.halalguide.test-kino";
				PRODUCT_NAME = "$(TARGET_NAME)";
				SWIFT_EMIT_LOC_STRINGS = YES;
				SWIFT_VERSION = 5.0;
				TARGETED_DEVICE_FAMILY = "1,2";
			};
			name = Release;
		};
		64F1A83F2DBC2A40000AB7B6 /* Debug */ = {
			isa = XCBuildConfiguration;
			buildSettings = {
				ALWAYS_SEARCH_USER_PATHS = NO;
				ASSETCATALOG_COMPILER_GENERATE_SWIFT_ASSET_SYMBOL_EXTENSIONS = YES;
				CLANG_ANALYZER_NONNULL = YES;
				CLANG_ANALYZER_NUMBER_OBJECT_CONVERSION = YES_AGGRESSIVE;
				CLANG_CXX_LANGUAGE_STANDARD = "gnu++20";
				CLANG_ENABLE_MODULES = YES;
				CLANG_ENABLE_OBJC_ARC = YES;
				CLANG_ENABLE_OBJC_WEAK = YES;
				CLANG_WARN_BLOCK_CAPTURE_AUTORELEASING = YES;
				CLANG_WARN_BOOL_CONVERSION = YES;
				CLANG_WARN_COMMA = YES;
				CLANG_WARN_CONSTANT_CONVERSION = YES;
				CLANG_WARN_DEPRECATED_OBJC_IMPLEMENTATIONS = YES;
				CLANG_WARN_DIRECT_OBJC_ISA_USAGE = YES_ERROR;
				CLANG_WARN_DOCUMENTATION_COMMENTS = YES;
				CLANG_WARN_EMPTY_BODY = YES;
				CLANG_WARN_ENUM_CONVERSION = YES;
				CLANG_WARN_INFINITE_RECURSION = YES;
				CLANG_WARN_INT_CONVERSION = YES;
				CLANG_WARN_NON_LITERAL_NULL_CONVERSION = YES;
				CLANG_WARN_OBJC_IMPLICIT_RETAIN_SELF = YES;
				CLANG_WARN_OBJC_LITERAL_CONVERSION = YES;
				CLANG_WARN_OBJC_ROOT_CLASS = YES_ERROR;
				CLANG_WARN_QUOTED_INCLUDE_IN_FRAMEWORK_HEADER = YES;
				CLANG_WARN_RANGE_LOOP_ANALYSIS = YES;
				CLANG_WARN_STRICT_PROTOTYPES = YES;
				CLANG_WARN_SUSPICIOUS_MOVE = YES;
				CLANG_WARN_UNGUARDED_AVAILABILITY = YES_AGGRESSIVE;
				CLANG_WARN_UNREACHABLE_CODE = YES;
				CLANG_WARN__DUPLICATE_METHOD_MATCH = YES;
				COPY_PHASE_STRIP = NO;
				DEBUG_INFORMATION_FORMAT = dwarf;
				ENABLE_STRICT_OBJC_MSGSEND = YES;
				ENABLE_TESTABILITY = YES;
				ENABLE_USER_SCRIPT_SANDBOXING = YES;
				GCC_C_LANGUAGE_STANDARD = gnu17;
				GCC_DYNAMIC_NO_PIC = NO;
				GCC_NO_COMMON_BLOCKS = YES;
				GCC_OPTIMIZATION_LEVEL = 0;
				GCC_PREPROCESSOR_DEFINITIONS = (
					"DEBUG=1",
					"$(inherited)",
				);
				GCC_WARN_64_TO_32_BIT_CONVERSION = YES;
				GCC_WARN_ABOUT_RETURN_TYPE = YES_ERROR;
				GCC_WARN_UNDECLARED_SELECTOR = YES;
				GCC_WARN_UNINITIALIZED_AUTOS = YES_AGGRESSIVE;
				GCC_WARN_UNUSED_FUNCTION = YES;
				GCC_WARN_UNUSED_VARIABLE = YES;
				IPHONEOS_DEPLOYMENT_TARGET = 18.2;
				LOCALIZATION_PREFERS_STRING_CATALOGS = YES;
				MTL_ENABLE_DEBUG_INFO = INCLUDE_SOURCE;
				MTL_FAST_MATH = YES;
				ONLY_ACTIVE_ARCH = YES;
				SDKROOT = iphoneos;
				SWIFT_ACTIVE_COMPILATION_CONDITIONS = "DEBUG $(inherited)";
				SWIFT_OPTIMIZATION_LEVEL = "-Onone";
			};
			name = Debug;
		};
		64F1A8402DBC2A40000AB7B6 /* Release */ = {
			isa = XCBuildConfiguration;
			buildSettings = {
				ALWAYS_SEARCH_USER_PATHS = NO;
				ASSETCATALOG_COMPILER_GENERATE_SWIFT_ASSET_SYMBOL_EXTENSIONS = YES;
				CLANG_ANALYZER_NONNULL = YES;
				CLANG_ANALYZER_NUMBER_OBJECT_CONVERSION = YES_AGGRESSIVE;
				CLANG_CXX_LANGUAGE_STANDARD = "gnu++20";
				CLANG_ENABLE_MODULES = YES;
				CLANG_ENABLE_OBJC_ARC = YES;
				CLANG_ENABLE_OBJC_WEAK = YES;
				CLANG_WARN_BLOCK_CAPTURE_AUTORELEASING = YES;
				CLANG_WARN_BOOL_CONVERSION = YES;
				CLANG_WARN_COMMA = YES;
				CLANG_WARN_CONSTANT_CONVERSION = YES;
				CLANG_WARN_DEPRECATED_OBJC_IMPLEMENTATIONS = YES;
				CLANG_WARN_DIRECT_OBJC_ISA_USAGE = YES_ERROR;
				CLANG_WARN_DOCUMENTATION_COMMENTS = YES;
				CLANG_WARN_EMPTY_BODY = YES;
				CLANG_WARN_ENUM_CONVERSION = YES;
				CLANG_WARN_INFINITE_RECURSION = YES;
				CLANG_WARN_INT_CONVERSION = YES;
				CLANG_WARN_NON_LITERAL_NULL_CONVERSION = YES;
				CLANG_WARN_OBJC_IMPLICIT_RETAIN_SELF = YES;
				CLANG_WARN_OBJC_LITERAL_CONVERSION = YES;
				CLANG_WARN_OBJC_ROOT_CLASS = YES_ERROR;
				CLANG_WARN_QUOTED_INCLUDE_IN_FRAMEWORK_HEADER = YES;
				CLANG_WARN_RANGE_LOOP_ANALYSIS = YES;
				CLANG_WARN_STRICT_PROTOTYPES = YES;
				CLANG_WARN_SUSPICIOUS_MOVE = YES;
				CLANG_WARN_UNGUARDED_AVAILABILITY = YES_AGGRESSIVE;
				CLANG_WARN_UNREACHABLE_CODE = YES;
				CLANG_WARN__DUPLICATE_METHOD_MATCH = YES;
				COPY_PHASE_STRIP = NO;
				DEBUG_INFORMATION_FORMAT = "dwarf-with-dsym";
				ENABLE_NS_ASSERTIONS = NO;
				ENABLE_STRICT_OBJC_MSGSEND = YES;
				ENABLE_USER_SCRIPT_SANDBOXING = YES;
				GCC_C_LANGUAGE_STANDARD = gnu17;
				GCC_NO_COMMON_BLOCKS = YES;
				GCC_WARN_64_TO_32_BIT_CONVERSION = YES;
				GCC_WARN_ABOUT_RETURN_TYPE = YES_ERROR;
				GCC_WARN_UNDECLARED_SELECTOR = YES;
				GCC_WARN_UNINITIALIZED_AUTOS = YES_AGGRESSIVE;
				GCC_WARN_UNUSED_FUNCTION = YES;
				GCC_WARN_UNUSED_VARIABLE = YES;
				IPHONEOS_DEPLOYMENT_TARGET = 18.2;
				LOCALIZATION_PREFERS_STRING_CATALOGS = YES;
				MTL_ENABLE_DEBUG_INFO = NO;
				MTL_FAST_MATH = YES;
				SDKROOT = iphoneos;
				SWIFT_COMPILATION_MODE = wholemodule;
				VALIDATE_PRODUCT = YES;
			};
			name = Release;
		};
		64F1A8422DBC2A40000AB7B6 /* Debug */ = {
			isa = XCBuildConfiguration;
			baseConfigurationReference = 1EF2B7BDE5EC538DCB0EC50C /* Pods-test_kinoTests.debug.xcconfig */;
			buildSettings = {
				BUNDLE_LOADER = "$(TEST_HOST)";
				CODE_SIGN_STYLE = Automatic;
				CURRENT_PROJECT_VERSION = 1;
				DEVELOPMENT_TEAM = Y7MSY46LM7;
				GENERATE_INFOPLIST_FILE = YES;
				IPHONEOS_DEPLOYMENT_TARGET = 18.2;
				MARKETING_VERSION = 1.0;
				PRODUCT_BUNDLE_IDENTIFIER = "ru.akagroup.halalguide.test-kinoTests";
				PRODUCT_NAME = "$(TARGET_NAME)";
				SWIFT_EMIT_LOC_STRINGS = NO;
				SWIFT_VERSION = 5.0;
				TARGETED_DEVICE_FAMILY = "1,2";
				TEST_HOST = "$(BUILT_PRODUCTS_DIR)/test_kino.app/$(BUNDLE_EXECUTABLE_FOLDER_PATH)/test_kino";
			};
			name = Debug;
		};
		64F1A8432DBC2A40000AB7B6 /* Release */ = {
			isa = XCBuildConfiguration;
			baseConfigurationReference = 3FCCB01C59DD07F2E81CE05D /* Pods-test_kinoTests.release.xcconfig */;
			buildSettings = {
				BUNDLE_LOADER = "$(TEST_HOST)";
				CODE_SIGN_STYLE = Automatic;
				CURRENT_PROJECT_VERSION = 1;
				DEVELOPMENT_TEAM = Y7MSY46LM7;
				GENERATE_INFOPLIST_FILE = YES;
				IPHONEOS_DEPLOYMENT_TARGET = 18.2;
				MARKETING_VERSION = 1.0;
				PRODUCT_BUNDLE_IDENTIFIER = "ru.akagroup.halalguide.test-kinoTests";
				PRODUCT_NAME = "$(TARGET_NAME)";
				SWIFT_EMIT_LOC_STRINGS = NO;
				SWIFT_VERSION = 5.0;
				TARGETED_DEVICE_FAMILY = "1,2";
				TEST_HOST = "$(BUILT_PRODUCTS_DIR)/test_kino.app/$(BUNDLE_EXECUTABLE_FOLDER_PATH)/test_kino";
			};
			name = Release;
		};
		64F1A8452DBC2A40000AB7B6 /* Debug */ = {
			isa = XCBuildConfiguration;
			baseConfigurationReference = F307D22F2E90163BC9623F2E /* Pods-test_kino-test_kinoUITests.debug.xcconfig */;
			buildSettings = {
				CODE_SIGN_STYLE = Automatic;
				CURRENT_PROJECT_VERSION = 1;
				DEVELOPMENT_TEAM = Y7MSY46LM7;
				GENERATE_INFOPLIST_FILE = YES;
				MARKETING_VERSION = 1.0;
				PRODUCT_BUNDLE_IDENTIFIER = "ru.akagroup.halalguide.test-kinoUITests";
				PRODUCT_NAME = "$(TARGET_NAME)";
				SWIFT_EMIT_LOC_STRINGS = NO;
				SWIFT_VERSION = 5.0;
				TARGETED_DEVICE_FAMILY = "1,2";
				TEST_TARGET_NAME = test_kino;
			};
			name = Debug;
		};
		64F1A8462DBC2A40000AB7B6 /* Release */ = {
			isa = XCBuildConfiguration;
			baseConfigurationReference = 02A660FA505AB03EACC46F78 /* Pods-test_kino-test_kinoUITests.release.xcconfig */;
			buildSettings = {
				CODE_SIGN_STYLE = Automatic;
				CURRENT_PROJECT_VERSION = 1;
				DEVELOPMENT_TEAM = Y7MSY46LM7;
				GENERATE_INFOPLIST_FILE = YES;
				MARKETING_VERSION = 1.0;
				PRODUCT_BUNDLE_IDENTIFIER = "ru.akagroup.halalguide.test-kinoUITests";
				PRODUCT_NAME = "$(TARGET_NAME)";
				SWIFT_EMIT_LOC_STRINGS = NO;
				SWIFT_VERSION = 5.0;
				TARGETED_DEVICE_FAMILY = "1,2";
				TEST_TARGET_NAME = test_kino;
			};
			name = Release;
		};
/* End XCBuildConfiguration section */

/* Begin XCConfigurationList section */
		64F1A80E2DBC2A3E000AB7B6 /* Build configuration list for PBXProject "test_kino" */ = {
			isa = XCConfigurationList;
			buildConfigurations = (
				64F1A83F2DBC2A40000AB7B6 /* Debug */,
				64F1A8402DBC2A40000AB7B6 /* Release */,
			);
			defaultConfigurationIsVisible = 0;
			defaultConfigurationName = Release;
		};
		64F1A83C2DBC2A40000AB7B6 /* Build configuration list for PBXNativeTarget "test_kino" */ = {
			isa = XCConfigurationList;
			buildConfigurations = (
				64F1A83D2DBC2A40000AB7B6 /* Debug */,
				64F1A83E2DBC2A40000AB7B6 /* Release */,
			);
			defaultConfigurationIsVisible = 0;
			defaultConfigurationName = Release;
		};
		64F1A8412DBC2A40000AB7B6 /* Build configuration list for PBXNativeTarget "test_kinoTests" */ = {
			isa = XCConfigurationList;
			buildConfigurations = (
				64F1A8422DBC2A40000AB7B6 /* Debug */,
				64F1A8432DBC2A40000AB7B6 /* Release */,
			);
			defaultConfigurationIsVisible = 0;
			defaultConfigurationName = Release;
		};
		64F1A8442DBC2A40000AB7B6 /* Build configuration list for PBXNativeTarget "test_kinoUITests" */ = {
			isa = XCConfigurationList;
			buildConfigurations = (
				64F1A8452DBC2A40000AB7B6 /* Debug */,
				64F1A8462DBC2A40000AB7B6 /* Release */,
			);
			defaultConfigurationIsVisible = 0;
			defaultConfigurationName = Release;
		};
/* End XCConfigurationList section */
	};
	rootObject = 64F1A80B2DBC2A3E000AB7B6 /* Project object */;
}
